{
  "lockfileVersion": 1,
  "workspaces": {
    "": {
      "name": "meshjs-examples",
      "dependencies": {
        "@meshsdk/common": "1.9.1",
        "@meshsdk/core": "1.9.1",
        "@meshsdk/core-cst": "1.9.1",
      },
    },
  },
  "packages": {
    "@biglup/is-cid": ["@biglup/is-cid@1.0.3", "", { "dependencies": { "@multiformats/mafmt": "^12.1.6", "@multiformats/multiaddr": "^12.1.14", "iso-url": "^1.1.3", "multiformats": "^13.0.1", "uint8arrays": "^5.0.1" } }, "sha512-R0XPZ/IQhU2TtetSFI9vI+7kJOJYNiCncn5ixEBW+/LNaZCo2HK37Mq3pRNzrM4FryuAkyeqY7Ujmj3I3e3t9g=="],

    "@bufbuild/protobuf": ["@bufbuild/protobuf@1.10.1", "", {}, "sha512-wJ8ReQbHxsAfXhrf9ixl0aYbZorRuOWpBNzm8pL8ftmSxQx/wnJD5Eg861NwJU/czy2VXFIebCeZnZrI9rktIQ=="],

    "@cardano-ogmios/client": ["@cardano-ogmios/client@6.9.0", "", { "dependencies": { "@cardano-ogmios/schema": "6.9.0", "@cardanosolutions/json-bigint": "^1.0.1", "@types/json-bigint": "^1.0.1", "bech32": "^2.0.0", "cross-fetch": "^3.1.4", "fastq": "^1.11.0", "isomorphic-ws": "^4.0.1", "nanoid": "^3.1.31", "ts-custom-error": "^3.2.0", "ws": "^7.5.10" } }, "sha512-IsoUVsaMXiYyhWrdVKYOA5PDlX0EZ2gaq4lfk4JelRw6mcWVxemUrMaU2ndvugO9LQ3SCM1nESPgMIU0xe5FWw=="],

    "@cardano-ogmios/schema": ["@cardano-ogmios/schema@6.9.0", "", {}, "sha512-e7QVLF+dQMIv9p+p5CWQjMfBmkERYRa2wK2AjyehQZCJnecZ0gvTbRqewdX5VW4mVXf6KUfFyphsxWK46Pg6LA=="],

    "@cardano-sdk/core": ["@cardano-sdk/core@0.46.12", "", { "dependencies": { "@biglup/is-cid": "^1.0.3", "@cardano-ogmios/client": "6.9.0", "@cardano-ogmios/schema": "6.9.0", "@cardano-sdk/crypto": "~0.4.5", "@cardano-sdk/util": "~0.17.1", "@foxglove/crc": "^0.0.3", "@scure/base": "^1.1.1", "fraction.js": "4.0.1", "ip-address": "^9.0.5", "lodash": "^4.17.21", "ts-custom-error": "^3.2.0", "ts-log": "^2.2.4", "web-encoding": "^1.1.5" }, "peerDependencies": { "rxjs": "^7.4.0" }, "optionalPeers": ["rxjs"] }, "sha512-yUA/xBUQMiMqIWiZPvIhM911pL3jNKg4PkZQ8qP9R7yU3NQ5x4RQkZ+zFDlVLxUt+gJiwIW2es0iPd8ObIKCxA=="],

    "@cardano-sdk/crypto": ["@cardano-sdk/crypto@0.4.5", "", { "dependencies": { "@cardano-sdk/util": "~0.17.1", "blake2b": "^2.1.4", "i": "^0.3.7", "libsodium-wrappers-sumo": "0.7.10", "lodash": "^4.17.21", "pbkdf2": "^3.1.3", "ts-custom-error": "^3.2.0", "ts-log": "^2.2.4" }, "peerDependencies": { "@dcspark/cardano-multiplatform-lib-asmjs": "^3.1.1", "@dcspark/cardano-multiplatform-lib-browser": "^3.1.1", "@dcspark/cardano-multiplatform-lib-nodejs": "^3.1.1" }, "optionalPeers": ["@dcspark/cardano-multiplatform-lib-asmjs", "@dcspark/cardano-multiplatform-lib-browser", "@dcspark/cardano-multiplatform-lib-nodejs"] }, "sha512-ymliqxdmen5dGVaiMVQ0VnhrwaYUjbPD3sHoMj8NI6MTuxrREp3pLJASREtWhwmv9k+QzDT6CoyuIXnlEQiWZQ=="],

    "@cardano-sdk/dapp-connector": ["@cardano-sdk/dapp-connector@0.13.31", "", { "dependencies": { "@cardano-sdk/core": "~0.47.1", "@cardano-sdk/crypto": "~0.4.7", "@cardano-sdk/util": "~0.17.2", "ts-custom-error": "^3.2.0", "ts-log": "^2.2.4", "webextension-polyfill": "^0.8.0" } }, "sha512-WbfZkA9Ps1MuQ3WDLjh+1KDy1ssAvXT50hyZyqwoapnv8tYHJGjEVnH1NGtAg7FrHgErjF6EeuusWnjRgi87yg=="],

    "@cardano-sdk/input-selection": ["@cardano-sdk/input-selection@0.14.28", "", { "dependencies": { "@cardano-sdk/core": "~0.46.12", "@cardano-sdk/key-management": "~0.29.12", "@cardano-sdk/util": "~0.17.1", "bignumber.js": "^9.1.1", "lodash": "^4.17.21", "ts-custom-error": "^3.2.0" } }, "sha512-pbysJUaIbbpesbv/f0XfFPKBb+bLjCmPcMfNJzpePSZBvr8bUcFpnfKtq28KthVdpe2mgL3k9ebTTcBSk7aERw=="],

    "@cardano-sdk/key-management": ["@cardano-sdk/key-management@0.29.19", "", { "dependencies": { "@cardano-sdk/core": "~0.47.1", "@cardano-sdk/crypto": "~0.4.7", "@cardano-sdk/dapp-connector": "~0.13.31", "@cardano-sdk/util": "~0.17.2", "@emurgo/cardano-message-signing-nodejs": "^1.0.1", "bip39": "^3.0.4", "chacha": "^2.1.0", "get-random-values": "^2.0.0", "lodash": "^4.17.21", "pbkdf2": "^3.1.3", "rxjs": "^7.4.0", "ts-custom-error": "^3.2.0", "ts-log": "^2.2.4" } }, "sha512-acuKWBWDRmgpaU4rKOo78XzFSVESblx8gL8DCUgKMs3Kfh62U3Clujh8OV5X7R/znmBMxUjkNV15XDHJz8h/RA=="],

    "@cardano-sdk/util": ["@cardano-sdk/util@0.17.1", "", { "dependencies": { "bech32": "^2.0.0", "lodash": "^4.17.21", "serialize-error": "^8", "ts-custom-error": "^3.2.0", "ts-log": "^2.2.4" } }, "sha512-TCYe+wRguW1WgRlbWqhGPhcSBkzVzdIcCVgDDN7wiQk2dew0EWVqjsKeqDZdfwzy/s2kr/ZOgXIGywBn/Bzu/Q=="],

    "@cardanosolutions/json-bigint": ["@cardanosolutions/json-bigint@1.0.1", "", { "dependencies": { "bignumber.js": "^9.0.0" } }, "sha512-mbYL6jtHqMFCZnTFhmkmoeDzHMBino0gMiGQnOJE7CwzZzkK2HCpH0MTBk+84QDadMEGX7iFt7uB+levm1a+bQ=="],

    "@chainsafe/is-ip": ["@chainsafe/is-ip@2.1.0", "", {}, "sha512-KIjt+6IfysQ4GCv66xihEitBjvhU/bixbbbFxdJ1sqCp4uJ0wuZiYBPhksZoy4lfaF0k9cwNzY5upEW/VWdw3w=="],

    "@chainsafe/netmask": ["@chainsafe/netmask@2.0.0", "", { "dependencies": { "@chainsafe/is-ip": "^2.0.1" } }, "sha512-I3Z+6SWUoaljh3TBzCnCxjlUyN8tA+NAk5L6m9IxvCf1BENQTePzPMis97CoN/iMW1St3WN+AWCCRp+TTBRiDg=="],

    "@connectrpc/connect": ["@connectrpc/connect@1.4.0", "", { "peerDependencies": { "@bufbuild/protobuf": "^1.4.2" } }, "sha512-vZeOkKaAjyV4+RH3+rJZIfDFJAfr+7fyYr6sLDKbYX3uuTVszhFe9/YKf5DNqrDb5cKdKVlYkGn6DTDqMitAnA=="],

    "@connectrpc/connect-node": ["@connectrpc/connect-node@1.4.0", "", { "dependencies": { "undici": "^5.28.3" }, "peerDependencies": { "@bufbuild/protobuf": "^1.4.2", "@connectrpc/connect": "1.4.0" } }, "sha512-0ANnrr6SvsjevsWEgdzHy7BaHkluZyS6s4xNoVt7RBHFR5V/kT9lPokoIbYUOU9JHzdRgTaS3x5595mwUsu15g=="],

    "@connectrpc/connect-web": ["@connectrpc/connect-web@1.4.0", "", { "peerDependencies": { "@bufbuild/protobuf": "^1.4.2", "@connectrpc/connect": "1.4.0" } }, "sha512-13aO4psFbbm7rdOFGV0De2Za64DY/acMspgloDlcOKzLPPs0yZkhp1OOzAQeiAIr7BM/VOHIA3p8mF0inxCYTA=="],

    "@emurgo/cardano-message-signing-nodejs": ["@emurgo/cardano-message-signing-nodejs@1.1.0", "", {}, "sha512-PQRc8K8wZshEdmQenNUzVtiI8oJNF/1uAnBhidee5C4o1l2mDLOW+ur46HWHIFKQ6x8mSJTllcjMscHgzju0gQ=="],

    "@fastify/busboy": ["@fastify/busboy@2.1.1", "", {}, "sha512-vBZP4NlzfOlerQTnba4aqZoMhE/a9HY7HRqoOPaETQcSQuWEIyZMHGfVu6w9wGtGK5fED5qRs2DteVCjOH60sA=="],

    "@foxglove/crc": ["@foxglove/crc@0.0.3", "", {}, "sha512-DjIZsnL3CyP/yQ/vUYA9cjrD0a/8YXejI5ZmsaOiT16cLfZcTwaCxIN01/ys4jsy+dZCQ/9DnWFn7AEFbiMDaA=="],

    "@harmoniclabs/bigint-utils": ["@harmoniclabs/bigint-utils@1.0.0", "", { "dependencies": { "@harmoniclabs/uint8array-utils": "^1.0.0" } }, "sha512-OhZMHcdtH2hHKMlxWFHf71PmKHdoi9ARpjS9mUu0/cd8VWDDjT7VQoQwC5NN/68iyO4O5Dojrvrp9tjG5BDABA=="],

    "@harmoniclabs/biguint": ["@harmoniclabs/biguint@1.0.0", "", {}, "sha512-5DyCIBDL4W+7ffR1IJSbGrCG4xEYxAlFH5gCNF42qtyL5ltwZ92Ae1MyXpHM2TUPy7ocSTqlLUsOdy+SvqVVPw=="],

    "@harmoniclabs/bitstream": ["@harmoniclabs/bitstream@1.0.0", "", { "dependencies": { "@harmoniclabs/uint8array-utils": "^1.0.0" } }, "sha512-Ed/I46IuCiytE5QiMmmUo9kPJcypM7OuUqoRaAXUALL5C6LKLpT6kYE1qeuhLkx2/WvkHT18jcOX6jhM/nmqoA=="],

    "@harmoniclabs/bytestring": ["@harmoniclabs/bytestring@1.0.0", "", { "dependencies": { "@harmoniclabs/uint8array-utils": "^1.0.0" } }, "sha512-d5m10O0okKc6QNX0pSRriFTkk/kNMnMBGbo5X3kEZwKaXTI4tDVoTZBL7bwbYHwOEdSxWJjVtlO9xtB7ZrYZNg=="],

    "@harmoniclabs/cbor": ["@harmoniclabs/cbor@1.6.0", "", { "dependencies": { "@harmoniclabs/bytestring": "^1.0.0", "@harmoniclabs/obj-utils": "^1.0.0", "@harmoniclabs/uint8array-utils": "^1.0.3" } }, "sha512-KI25p8pHI1rmFZC9NYSxATwlCZ+KJdjydpptKebHcw03Iy7M+E8mF+hSnN5dTbS45xw5ZyKUgPLRgLo1sTuIoQ=="],

    "@harmoniclabs/crypto": ["@harmoniclabs/crypto@0.2.5", "", { "dependencies": { "@harmoniclabs/bitstream": "^1.0.0", "@harmoniclabs/uint8array-utils": "^1.0.3" } }, "sha512-t2saWMFWBx8tOHotiYTTfQKhPGpWT4AMLXxq3u0apShVXNV0vgL0gEgSMudBjES/wrKByCqa2xmU70gadz26hA=="],

    "@harmoniclabs/obj-utils": ["@harmoniclabs/obj-utils@1.0.0", "", {}, "sha512-EO1bQBZAORrutcP+leP5YNDwNd/9TOE23VEvs3ktniXg6w0knUrLjUIl2Pkcbs/D1VQxqmsNpXho+vaMj00qxA=="],

    "@harmoniclabs/pair": ["@harmoniclabs/pair@1.0.0", "", {}, "sha512-D9OBowsUsy1LctHxWzd9AngTzoo5x3rBiJ0gu579t41Q23pb+VNx1euEfluUEiaYbgljcl1lb/4D1fFTZd1tRQ=="],

    "@harmoniclabs/plutus-data": ["@harmoniclabs/plutus-data@1.2.6", "", { "dependencies": { "@harmoniclabs/biguint": "^1.0.0", "@harmoniclabs/crypto": "^0.2.4", "@harmoniclabs/uint8array-utils": "^1.0.0" }, "peerDependencies": { "@harmoniclabs/bytestring": "^1.0.0", "@harmoniclabs/cbor": "^1.3.0" } }, "sha512-rF046GZ07XDpjZBNybALKYSycjxCLzXKbhLylu9pRuZiii5fVXReEfgtLB29TsPBvGY6ZBeiyHgJnLgm+huZBw=="],

    "@harmoniclabs/uint8array-utils": ["@harmoniclabs/uint8array-utils@1.0.4", "", {}, "sha512-Z454prSbX4geXGHyjjcn9vm6u9NsD3VJykv8f8yE1VjIXSPitaLPEnm8u2+B+GMp1chYlLilOq+kW4OvJ6y28A=="],

    "@harmoniclabs/uplc": ["@harmoniclabs/uplc@1.4.1", "", { "dependencies": { "@harmoniclabs/bigint-utils": "^1.0.0", "@harmoniclabs/uint8array-utils": "^1.0.3" }, "peerDependencies": { "@harmoniclabs/bytestring": "^1.0.0", "@harmoniclabs/cbor": "^1.3.0", "@harmoniclabs/crypto": "^0.3.0-dev0", "@harmoniclabs/pair": "^1.0.0", "@harmoniclabs/plutus-data": "^1.2.4" } }, "sha512-sELKStjxPBPBxBMylU4oBSUe0/8eJe2HqRblNSwrMu8Fso4YpSPDqHZ33iDZ8QAadVUsT5r2EQKX0TLrj7qXvQ=="],

    "@leichtgewicht/ip-codec": ["@leichtgewicht/ip-codec@2.0.5", "", {}, "sha512-Vo+PSpZG2/fmgmiNzYK9qWRh8h/CHrwD0mo1h1DzL4yzHNSfWYujGTYsWGreD000gcgmZ7K4Ys6Tx9TxtsKdDw=="],

    "@meshsdk/common": ["@meshsdk/common@1.9.1", "", { "dependencies": { "bech32": "^2.0.0", "bip39": "3.1.0", "blake2b": "^2.1.4", "blakejs": "^1.2.1" } }, "sha512-66l7vcY+h9w71auVaE7RLJYs87DmO+JTEmQ2xknd6F8fAcR73nMxLZunMRbygPoV9gHDBTMYfHoMBZqWt7N6EA=="],

    "@meshsdk/core": ["@meshsdk/core@1.9.1", "", { "dependencies": { "@meshsdk/common": "1.9.1", "@meshsdk/core-cst": "1.9.1", "@meshsdk/provider": "1.9.0-beta.101", "@meshsdk/transaction": "1.9.1", "@meshsdk/wallet": "1.9.1", "scalus": "^0.17.0" } }, "sha512-khMrEkMU71t3kn6nHM8/5rjVry055jORdln+xegP0KpVzCjWxjOe+bzyCMnQehwNT7R8OEe7wx8zYUL4qTijkA=="],

    "@meshsdk/core-cst": ["@meshsdk/core-cst@1.9.1", "", { "dependencies": { "@cardano-sdk/core": "0.46.12", "@cardano-sdk/crypto": "0.4.5", "@cardano-sdk/input-selection": "0.14.28", "@cardano-sdk/util": "0.17.1", "@harmoniclabs/cbor": "1.6.0", "@harmoniclabs/pair": "^1.0.0", "@harmoniclabs/plutus-data": "1.2.6", "@harmoniclabs/uplc": "1.4.1", "@meshsdk/common": "1.9.1", "@types/base32-encoding": "^1.0.2", "base32-encoding": "^1.0.0", "bech32": "^2.0.0", "blakejs": "^1.2.1", "bn.js": "^5.2.0", "hash.js": "^1.1.7" } }, "sha512-1e72mtTehjV/XQWpxtnejhEXyhU1f8CWqoTaQfq2rfBydLJfFs/NDEYfBKBOx697MOWM7VPAHjLvVAENqS57EQ=="],

    "@meshsdk/provider": ["@meshsdk/provider@1.9.0-beta.101", "", { "dependencies": { "@meshsdk/common": "1.9.0-beta.100", "@meshsdk/core-cst": "1.9.0-beta.100", "@utxorpc/sdk": "^0.6.7", "@utxorpc/spec": "^0.16.0", "axios": "^1.7.2", "cbor": "^10.0.9" } }, "sha512-xbb0pCDpeHk8WEzgZCUlwy1CLpOPSPNn3TPtuLuMNnebCO8lZhvP3NYZqX/CUnTkOjXP4dxu5Zbf7ipZ43V4RQ=="],

    "@meshsdk/transaction": ["@meshsdk/transaction@1.9.1", "", { "dependencies": { "@cardano-sdk/core": "0.46.12", "@cardano-sdk/input-selection": "0.14.28", "@cardano-sdk/util": "0.17.1", "@meshsdk/common": "1.9.1", "@meshsdk/core-cst": "1.9.1", "json-bigint": "^1.0.0" } }, "sha512-FjKSoUi2xFaKJPI1ObQ13UkrCJu+iPW6THP//ZD/f5I1NciaUz3bcoQ7xWcc7El4TCcDunBPp9di6w9JitBR6Q=="],

    "@meshsdk/wallet": ["@meshsdk/wallet@1.9.1", "", { "dependencies": { "@meshsdk/common": "1.9.1", "@meshsdk/core-cst": "1.9.1", "@meshsdk/transaction": "1.9.1", "@simplewebauthn/browser": "^13.0.0" } }, "sha512-lPovMk86Ex6t1s12CiSJFfxnTM31vXxwB7h0BOnznPgueBts2z0cgvQVtBMlhIKHTmPWW1/gkuEH/5dGMfZ3jA=="],

    "@multiformats/dns": ["@multiformats/dns@1.0.6", "", { "dependencies": { "@types/dns-packet": "^5.6.5", "buffer": "^6.0.3", "dns-packet": "^5.6.1", "hashlru": "^2.3.0", "p-queue": "^8.0.1", "progress-events": "^1.0.0", "uint8arrays": "^5.0.2" } }, "sha512-nt/5UqjMPtyvkG9BQYdJ4GfLK3nMqGpFZOzf4hAmIa0sJh2LlS9YKXZ4FgwBDsaHvzZqR/rUFIywIc7pkHNNuw=="],

    "@multiformats/mafmt": ["@multiformats/mafmt@12.1.6", "", { "dependencies": { "@multiformats/multiaddr": "^12.0.0" } }, "sha512-tlJRfL21X+AKn9b5i5VnaTD6bNttpSpcqwKVmDmSHLwxoz97fAHaepqFOk/l1fIu94nImIXneNbhsJx/RQNIww=="],

    "@multiformats/multiaddr": ["@multiformats/multiaddr@12.4.0", "", { "dependencies": { "@chainsafe/is-ip": "^2.0.1", "@chainsafe/netmask": "^2.0.0", "@multiformats/dns": "^1.0.3", "multiformats": "^13.0.0", "uint8-varint": "^2.0.1", "uint8arrays": "^5.0.0" } }, "sha512-FL7yBTLijJ5JkO044BGb2msf+uJLrwpD6jD6TkXlbjA9N12+18HT40jvd4o5vL4LOJMc86dPX6tGtk/uI9kYKg=="],

    "@noble/hashes": ["@noble/hashes@1.8.0", "", {}, "sha512-jCs9ldd7NwzpgXDIf6P3+NrHh9/sD6CQdxHyjQI+h/6rDNo88ypBxxz45UDuZHz9r3tNz7N/VInSVoVdtXEI4A=="],

    "@scure/base": ["@scure/base@1.2.5", "", {}, "sha512-9rE6EOVeIQzt5TSu4v+K523F8u6DhBsoZWPGKlnCshhlDhy0kJzUX4V+tr2dWmzF1GdekvThABoEQBGBQI7xZw=="],

    "@simplewebauthn/browser": ["@simplewebauthn/browser@13.1.0", "", {}, "sha512-WuHZ/PYvyPJ9nxSzgHtOEjogBhwJfC8xzYkPC+rR/+8chl/ft4ngjiK8kSU5HtRJfczupyOh33b25TjYbvwAcg=="],

    "@types/base32-encoding": ["@types/base32-encoding@1.0.2", "", { "dependencies": { "@types/node": "*" } }, "sha512-6kXiZ8gETqBU/B9ddcw15nwacX4iX9mLZTU0kghWK5u+OdjfJg6vxHh/vXoURWTyLSzs2jKgcq1lS3S/Tvl4mw=="],

    "@types/dns-packet": ["@types/dns-packet@5.6.5", "", { "dependencies": { "@types/node": "*" } }, "sha512-qXOC7XLOEe43ehtWJCMnQXvgcIpv6rPmQ1jXT98Ad8A3TB1Ue50jsCbSSSyuazScEuZ/Q026vHbrOTVkmwA+7Q=="],

    "@types/json-bigint": ["@types/json-bigint@1.0.4", "", {}, "sha512-ydHooXLbOmxBbubnA7Eh+RpBzuaIiQjh8WGJYQB50JFGFrdxW7JzVlyEV7fAXw0T2sqJ1ysTneJbiyNLqZRAag=="],

    "@types/node": ["@types/node@22.15.3", "", { "dependencies": { "undici-types": "~6.21.0" } }, "sha512-lX7HFZeHf4QG/J7tBZqrCAXwz9J5RD56Y6MpP0eJkka8p+K0RY/yBTW7CYFJ4VGCclxqOLKmiGP5juQc6MKgcw=="],

    "@utxorpc/sdk": ["@utxorpc/sdk@0.6.8", "", { "dependencies": { "@connectrpc/connect": "1.4", "@connectrpc/connect-node": "1.4", "@connectrpc/connect-web": "1.4", "@utxorpc/spec": "0.16.0", "buffer": "^6.0.3" } }, "sha512-Mff6q2o7R2aam85KmjtAZDKPhJesMmnGFbk2M54lPO0FwrrWRfUf6DYezqWfYcjXgKQSHDuklAcdtF0weEENRA=="],

    "@utxorpc/spec": ["@utxorpc/spec@0.16.0", "", { "dependencies": { "@bufbuild/protobuf": "^1.10.0" } }, "sha512-EK2M0TBp14MrRCYDuFeJ+bAS39RxxLLh+CD08h/YvAgxSv/4ZOBCf1/sxHAGCBGGndB4heZYFeuQ+i1i8vP5lw=="],

    "@zxing/text-encoding": ["@zxing/text-encoding@0.9.0", "", {}, "sha512-U/4aVJ2mxI0aDNI8Uq0wEhMgY+u4CNtEb0om3+y3+niDAsoTCOB33UF0sxpzqzdqXLqmvc+vZyAt4O8pPdfkwA=="],

    "asynckit": ["asynckit@0.4.0", "", {}, "sha512-Oei9OH4tRh0YqU3GxhX79dM/mwVgvbZJaSNaRk+bshkj0S5cfHcgYakreBjrHwatXKbz+IoIdYLxrKim2MjW0Q=="],

    "available-typed-arrays": ["available-typed-arrays@1.0.7", "", { "dependencies": { "possible-typed-array-names": "^1.0.0" } }, "sha512-wvUjBtSGN7+7SjNpq/9M2Tg350UZD3q62IFZLbRAR1bSMlCo1ZaeW+BJ+D090e4hIIZLBcTDWe4Mh4jvUDajzQ=="],

    "axios": ["axios@1.9.0", "", { "dependencies": { "follow-redirects": "^1.15.6", "form-data": "^4.0.0", "proxy-from-env": "^1.1.0" } }, "sha512-re4CqKTJaURpzbLHtIi6XpDv20/CnpXOtjRY5/CU32L8gU8ek9UIivcfvSWvmKEngmVbrUtPpdDwWDWL7DNHvg=="],

    "b4a": ["b4a@1.6.7", "", {}, "sha512-OnAYlL5b7LEkALw87fUVafQw5rVR9RjwGd4KUwNQ6DrrNmaVaUCgLipfVlzrPQ4tWOR9P0IXGNOx50jYCCdSJg=="],

    "base32-encoding": ["base32-encoding@1.0.0", "", {}, "sha512-k1gA7f00ODLY7YtuEQFz0Kn3huTCmL/JW+oQtw51ID+zxs5chj/YQ1bXN+Q0JsqiKB2Yn0oA0AA8uipFYgpagQ=="],

    "base64-js": ["base64-js@1.5.1", "", {}, "sha512-AKpaYlHn8t4SVbOHCy+b5+KKgvR4vrsD8vbvrbiQJps7fKDTkjkDry6ji0rUJjC0kzbNePLwzxq8iypo41qeWA=="],

    "bech32": ["bech32@2.0.0", "", {}, "sha512-LcknSilhIGatDAsY1ak2I8VtGaHNhgMSYVxFrGLXv+xLHytaKZKcaUJJUE7qmBr7h33o5YQwP55pMI0xmkpJwg=="],

    "bignumber.js": ["bignumber.js@9.3.0", "", {}, "sha512-EM7aMFTXbptt/wZdMlBv2t8IViwQL+h6SLHosp8Yf0dqJMTnY6iL32opnAB6kAdL0SZPuvcAzFr31o0c/R3/RA=="],

    "bindings": ["bindings@1.5.0", "", { "dependencies": { "file-uri-to-path": "1.0.0" } }, "sha512-p2q/t/mhvuOj/UeLlV6566GD/guowlr0hHxClI0W9m7MWYkL1F0hLo+0Aexs9HSPCtR1SXQ0TD3MMKrXZajbiQ=="],

    "bip39": ["bip39@3.1.0", "", { "dependencies": { "@noble/hashes": "^1.2.0" } }, "sha512-c9kiwdk45Do5GL0vJMe7tS95VjCii65mYAH7DfWl3uW8AVzXKQVUm64i3hzVybBDMp9r7j9iNxR85+ul8MdN/A=="],

    "blake2b": ["blake2b@2.1.4", "", { "dependencies": { "blake2b-wasm": "^2.4.0", "nanoassert": "^2.0.0" } }, "sha512-AyBuuJNI64gIvwx13qiICz6H6hpmjvYS5DGkG6jbXMOT8Z3WUJ3V1X0FlhIoT1b/5JtHE3ki+xjtMvu1nn+t9A=="],

    "blake2b-wasm": ["blake2b-wasm@2.4.0", "", { "dependencies": { "b4a": "^1.0.1", "nanoassert": "^2.0.0" } }, "sha512-S1kwmW2ZhZFFFOghcx73+ZajEfKBqhP82JMssxtLVMxlaPea1p9uoLiUZ5WYyHn0KddwbLc+0vh4wR0KBNoT5w=="],

    "blakejs": ["blakejs@1.2.1", "", {}, "sha512-QXUSXI3QVc/gJME0dBpXrag1kbzOqCjCX8/b54ntNyW6sjtoqxqRk3LTmXzaJoh71zMsDCjM+47jS7XiwN/+fQ=="],

    "bn.js": ["bn.js@5.2.2", "", {}, "sha512-v2YAxEmKaBLahNwE1mjp4WON6huMNeuDvagFZW+ASCuA/ku0bXR9hSMw0XpiqMoA3+rmnyck/tPRSFQkoC9Cuw=="],

    "buffer": ["buffer@6.0.3", "", { "dependencies": { "base64-js": "^1.3.1", "ieee754": "^1.2.1" } }, "sha512-FTiCpNxtwiZZHEZbcbTIcZjERVICn9yq/pDFkTl95/AxzD1naBctN7YO68riM/gLSDY7sdrMby8hofADYuuqOA=="],

    "bufferutil": ["bufferutil@4.0.9", "", { "dependencies": { "node-gyp-build": "^4.3.0" } }, "sha512-WDtdLmJvAuNNPzByAYpRo2rF1Mmradw6gvWsQKf63476DDXmomT9zUiGypLcG4ibIM67vhAj8jJRdbmEws2Aqw=="],

    "call-bind": ["call-bind@1.0.8", "", { "dependencies": { "call-bind-apply-helpers": "^1.0.0", "es-define-property": "^1.0.0", "get-intrinsic": "^1.2.4", "set-function-length": "^1.2.2" } }, "sha512-oKlSFMcMwpUg2ednkhQ454wfWiU/ul3CkJe/PEHcTKuiX6RpbehUiFMXu13HalGZxfUwCQzZG747YXBn1im9ww=="],

    "call-bind-apply-helpers": ["call-bind-apply-helpers@1.0.2", "", { "dependencies": { "es-errors": "^1.3.0", "function-bind": "^1.1.2" } }, "sha512-Sp1ablJ0ivDkSzjcaJdxEunN5/XvksFJ2sMBFfq6x0ryhQV/2b/KwFe21cMpmHtPOSij8K99/wSfoEuTObmuMQ=="],

    "call-bound": ["call-bound@1.0.4", "", { "dependencies": { "call-bind-apply-helpers": "^1.0.2", "get-intrinsic": "^1.3.0" } }, "sha512-+ys997U96po4Kx/ABpBCqhA9EuxJaQWDQg7295H4hBphv3IZg0boBKuwYpt4YXp6MZ5AmZQnU/tyMTlRpaSejg=="],

    "cbor": ["cbor@10.0.12", "", { "dependencies": { "nofilter": "^3.0.2" } }, "sha512-exQDevYd7ZQLP4moMQcZkKCVZsXLAtUSflObr3xTh4xzFIv/xBCdvCd6L259kQOUP2kcTC0jvC6PpZIf/WmRXA=="],

    "chacha": ["chacha@2.1.0", "", { "dependencies": { "inherits": "^2.0.1", "readable-stream": "^1.0.33" }, "optionalDependencies": { "chacha-native": "^2.0.0" } }, "sha512-FhVtqaZOiHlOKUkAWfDlJ+oe/O8iPQbCC0pFXJqphr4YQBCZPXa8Mv3j35+W4eWFWCoTUcW2u5IWDDkknygvVA=="],

    "chacha-native": ["chacha-native@2.0.3", "", { "dependencies": { "bindings": "^1.2.1", "inherits": "^2.0.1", "nan": "^2.4.0" } }, "sha512-93h+osfjhR2sMHAaapTLlL/COoBPEZ6upicPBQ4GfUyadoMb8t9/M0PKK8kC+F+DEA/Oy3Kg9w3HzY3J1foP3g=="],

    "cipher-base": ["cipher-base@1.0.6", "", { "dependencies": { "inherits": "^2.0.4", "safe-buffer": "^5.2.1" } }, "sha512-3Ek9H3X6pj5TgenXYtNWdaBon1tgYCaebd+XPg0keyjEbEfkD4KkmAxkQ/i1vYvxdcT5nscLBfq9VJRmCBcFSw=="],

    "combined-stream": ["combined-stream@1.0.8", "", { "dependencies": { "delayed-stream": "~1.0.0" } }, "sha512-FQN4MRfuJeHf7cBbBMJFXhKSDq+2kAArBlmRBvcvFE5BB1HZKXtSFASDhdlz9zOYwxh8lDdnvmMOe/+5cdoEdg=="],

    "core-util-is": ["core-util-is@1.0.3", "", {}, "sha512-ZQBvi1DcpJ4GDqanjucZ2Hj3wEO5pZDS89BWbkcrvdxksJorwUDDZamX9ldFkp9aw2lmBDLgkObEA4DWNJ9FYQ=="],

    "create-hash": ["create-hash@1.2.0", "", { "dependencies": { "cipher-base": "^1.0.1", "inherits": "^2.0.1", "md5.js": "^1.3.4", "ripemd160": "^2.0.1", "sha.js": "^2.4.0" } }, "sha512-z00bCGNHDG8mHAkP7CtT1qVu+bFQUPjYq/4Iv3C3kWjTFV10zIjfSoeqXo9Asws8gwSHDGj/hl2u4OGIjapeCg=="],

    "create-hmac": ["create-hmac@1.1.7", "", { "dependencies": { "cipher-base": "^1.0.3", "create-hash": "^1.1.0", "inherits": "^2.0.1", "ripemd160": "^2.0.0", "safe-buffer": "^5.0.1", "sha.js": "^2.4.8" } }, "sha512-MJG9liiZ+ogc4TzUwuvbER1JRdgvUFSB5+VR/g5h82fGaIRWMWddtKBHi7/sVhfjQZ6SehlyhvQYrcYkaUIpLg=="],

    "cross-fetch": ["cross-fetch@3.2.0", "", { "dependencies": { "node-fetch": "^2.7.0" } }, "sha512-Q+xVJLoGOeIMXZmbUK4HYk+69cQH6LudR0Vu/pRm2YlU/hDV9CiS0gKUMaWY5f2NeUH9C1nV3bsTlCo0FsTV1Q=="],

    "define-data-property": ["define-data-property@1.1.4", "", { "dependencies": { "es-define-property": "^1.0.0", "es-errors": "^1.3.0", "gopd": "^1.0.1" } }, "sha512-rBMvIzlpA8v6E+SJZoo++HAYqsLrkg7MSfIinMPFhmkorw7X+dOXVJQs+QT69zGkzMyfDnIMN2Wid1+NbL3T+A=="],

    "delayed-stream": ["delayed-stream@1.0.0", "", {}, "sha512-ZySD7Nf91aLB0RxL4KGrKHBXl7Eds1DAmEdcoVawXnLD7SDhpNgtuII2aAkg7a7QS41jxPSZ17p4VdGnMHk3MQ=="],

    "dns-packet": ["dns-packet@5.6.1", "", { "dependencies": { "@leichtgewicht/ip-codec": "^2.0.1" } }, "sha512-l4gcSouhcgIKRvyy99RNVOgxXiicE+2jZoNmaNmZ6JXiGajBOJAesk1OBlJuM5k2c+eudGdLxDqXuPCKIj6kpw=="],

    "dom-walk": ["dom-walk@0.1.2", "", {}, "sha512-6QvTW9mrGeIegrFXdtQi9pk7O/nSK6lSdXW2eqUspN5LWD7UTji2Fqw5V2YLjBpHEoU9Xl/eUWNpDeZvoyOv2w=="],

    "dunder-proto": ["dunder-proto@1.0.1", "", { "dependencies": { "call-bind-apply-helpers": "^1.0.1", "es-errors": "^1.3.0", "gopd": "^1.2.0" } }, "sha512-KIN/nDJBQRcXw0MLVhZE9iQHmG68qAVIBg9CqmUYjmQIhgij9U5MFvrqkUL5FbtyyzZuOeOt0zdeRe4UY7ct+A=="],

    "es-define-property": ["es-define-property@1.0.1", "", {}, "sha512-e3nRfgfUZ4rNGL232gUgX06QNyyez04KdjFrF+LTRoOXmrOgFKDg4BCdsjW8EnT69eqdYGmRpJwiPVYNrCaW3g=="],

    "es-errors": ["es-errors@1.3.0", "", {}, "sha512-Zf5H2Kxt2xjTvbJvP2ZWLEICxA6j+hAmMzIlypy4xcBg1vKVnx89Wy0GbS+kf5cwCVFFzdCFh2XSCFNULS6csw=="],

    "es-object-atoms": ["es-object-atoms@1.1.1", "", { "dependencies": { "es-errors": "^1.3.0" } }, "sha512-FGgH2h8zKNim9ljj7dankFPcICIK9Cp5bm+c2gQSYePhpaG5+esrLODihIorn+Pe6FGJzWhXQotPv73jTaldXA=="],

    "es-set-tostringtag": ["es-set-tostringtag@2.1.0", "", { "dependencies": { "es-errors": "^1.3.0", "get-intrinsic": "^1.2.6", "has-tostringtag": "^1.0.2", "hasown": "^2.0.2" } }, "sha512-j6vWzfrGVfyXxge+O0x5sh6cvxAog0a/4Rdd2K36zCMV5eJ+/+tOAngRO8cODMNWbVRdVlmGZQL2YS3yR8bIUA=="],

    "eventemitter3": ["eventemitter3@5.0.1", "", {}, "sha512-GWkBvjiSZK87ELrYOSESUYeVIc9mvLLf/nXalMOS5dYrgZq9o5OVkbZAVM06CVxYsCwH9BDZFPlQTlPA1j4ahA=="],

    "fastq": ["fastq@1.19.1", "", { "dependencies": { "reusify": "^1.0.4" } }, "sha512-GwLTyxkCXjXbxqIhTsMI2Nui8huMPtnxg7krajPJAjnEG/iiOS7i+zCtWGZR9G0NBKbXKh6X9m9UIsYX/N6vvQ=="],

    "file-uri-to-path": ["file-uri-to-path@1.0.0", "", {}, "sha512-0Zt+s3L7Vf1biwWZ29aARiVYLx7iMGnEUl9x33fbB/j3jR81u/O2LbqK+Bm1CDSNDKVtJ/YjwY7TUd5SkeLQLw=="],

    "follow-redirects": ["follow-redirects@1.15.9", "", {}, "sha512-gew4GsXizNgdoRyqmyfMHyAmXsZDk6mHkSxZFCzW9gwlbtOW44CDtYavM+y+72qD/Vq2l550kMF52DT8fOLJqQ=="],

    "for-each": ["for-each@0.3.5", "", { "dependencies": { "is-callable": "^1.2.7" } }, "sha512-dKx12eRCVIzqCxFGplyFKJMPvLEWgmNtUrpTiJIR5u97zEhRG8ySrtboPHZXx7daLxQVrl643cTzbab2tkQjxg=="],

    "form-data": ["form-data@4.0.2", "", { "dependencies": { "asynckit": "^0.4.0", "combined-stream": "^1.0.8", "es-set-tostringtag": "^2.1.0", "mime-types": "^2.1.12" } }, "sha512-hGfm/slu0ZabnNt4oaRZ6uREyfCj6P4fT/n6A1rGV+Z0VdGXjfOhVUpkn6qVQONHGIFwmveGXyDs75+nr6FM8w=="],

    "fraction.js": ["fraction.js@4.0.1", "", {}, "sha512-NQYzZw8MUsxSZFQo6E8tKOlmSd/BlDTNOR4puXFSHSwFwNaIlmbortQy5PDN/KnVQ4xWG2NtN0J0hjPw7eE06A=="],

    "function-bind": ["function-bind@1.1.2", "", {}, "sha512-7XHNxH7qX9xG5mIwxkhumTox/MIRNcOgDrxWsMt2pAr23WHp6MrRlN7FBSFpCpr+oVO0F744iUgR82nJMfG2SA=="],

    "get-intrinsic": ["get-intrinsic@1.3.0", "", { "dependencies": { "call-bind-apply-helpers": "^1.0.2", "es-define-property": "^1.0.1", "es-errors": "^1.3.0", "es-object-atoms": "^1.1.1", "function-bind": "^1.1.2", "get-proto": "^1.0.1", "gopd": "^1.2.0", "has-symbols": "^1.1.0", "hasown": "^2.0.2", "math-intrinsics": "^1.1.0" } }, "sha512-9fSjSaos/fRIVIp+xSJlE6lfwhES7LNtKaCBIamHsjr2na1BiABJPo0mOjjz8GJDURarmCPGqaiVg5mfjb98CQ=="],

    "get-proto": ["get-proto@1.0.1", "", { "dependencies": { "dunder-proto": "^1.0.1", "es-object-atoms": "^1.0.0" } }, "sha512-sTSfBjoXBp89JvIKIefqw7U2CCebsc74kiY6awiGogKtoSGbgjYE/G/+l9sF3MWFPNc9IcoOC4ODfKHfxFmp0g=="],

    "get-random-values": ["get-random-values@2.1.0", "", { "dependencies": { "global": "^4.4.0" } }, "sha512-q2yOLpLyA8f9unfv2LV8KVRUFeOIrQVS5cnqpbv6N+ea9j1rmW5dFKj/2Q7CK3juEfDYQgPxGt941VJcmw0jKg=="],

    "global": ["global@4.4.0", "", { "dependencies": { "min-document": "^2.19.0", "process": "^0.11.10" } }, "sha512-wv/LAoHdRE3BeTGz53FAamhGlPLhlssK45usmGFThIi4XqnBmjKQ16u+RNbP7WvigRZDxUsM0J3gcQ5yicaL0w=="],

    "gopd": ["gopd@1.2.0", "", {}, "sha512-ZUKRh6/kUFoAiTAtTYPZJ3hw9wNxx+BIBOijnlG9PnrJsCcSjs1wyyD6vJpaYtgnzDrKYRSqf3OO6Rfa93xsRg=="],

    "has-property-descriptors": ["has-property-descriptors@1.0.2", "", { "dependencies": { "es-define-property": "^1.0.0" } }, "sha512-55JNKuIW+vq4Ke1BjOTjM2YctQIvCT7GFzHwmfZPGo5wnrgkid0YQtnAleFSqumZm4az3n2BS+erby5ipJdgrg=="],

    "has-symbols": ["has-symbols@1.1.0", "", {}, "sha512-1cDNdwJ2Jaohmb3sg4OmKaMBwuC48sYni5HUw2DvsC8LjGTLK9h+eb1X6RyuOHe4hT0ULCW68iomhjUoKUqlPQ=="],

    "has-tostringtag": ["has-tostringtag@1.0.2", "", { "dependencies": { "has-symbols": "^1.0.3" } }, "sha512-NqADB8VjPFLM2V0VvHUewwwsw0ZWBaIdgo+ieHtK3hasLz4qeCRjYcqfB6AQrBggRKppKF8L52/VqdVsO47Dlw=="],

    "hash-base": ["hash-base@3.1.2", "", { "dependencies": { "inherits": "^2.0.4", "readable-stream": "^2.3.8", "safe-buffer": "^5.2.1", "to-buffer": "^1.2.1" } }, "sha512-Bb33KbowVTIj5s7Ked1OsqHUeCpz//tPwR+E2zJgJKo9Z5XolZ9b6bdUgjmYlwnWhoOQKoTd1TYToZGn5mAYOg=="],

    "hash.js": ["hash.js@1.1.7", "", { "dependencies": { "inherits": "^2.0.3", "minimalistic-assert": "^1.0.1" } }, "sha512-taOaskGt4z4SOANNseOviYDvjEJinIkRgmp7LbKP2YTTmVxWBl87s/uzK9r+44BclBSp2X7K1hqeNfz9JbBeXA=="],

    "hashlru": ["hashlru@2.3.0", "", {}, "sha512-0cMsjjIC8I+D3M44pOQdsy0OHXGLVz6Z0beRuufhKa0KfaD2wGwAev6jILzXsd3/vpnNQJmWyZtIILqM1N+n5A=="],

    "hasown": ["hasown@2.0.2", "", { "dependencies": { "function-bind": "^1.1.2" } }, "sha512-0hJU9SCPvmMzIBdZFqNPXWa6dqh7WdH0cII9y+CyS8rG3nL48Bclra9HmKhVVUHyPWNH5Y7xDwAB7bfgSjkUMQ=="],

    "i": ["i@0.3.7", "", {}, "sha512-FYz4wlXgkQwIPqhzC5TdNMLSE5+GS1IIDJZY/1ZiEPCT2S3COUVZeT5OW4BmW4r5LHLQuOosSwsvnroG9GR59Q=="],

    "ieee754": ["ieee754@1.2.1", "", {}, "sha512-dcyqhDvX1C46lXZcVqCpK+FtMRQVdIMN6/Df5js2zouUsqG7I6sFxitIC+7KYK29KdXOLHdu9zL4sFnoVQnqaA=="],

    "inherits": ["inherits@2.0.4", "", {}, "sha512-k/vGaX4/Yla3WzyMCvTQOXYeIHvqOKtnqBduzTHpzpQZzAskKMhZ2K+EnBiSM9zGSoIFeMpXKxa4dYeZIQqewQ=="],

    "ip-address": ["ip-address@9.0.5", "", { "dependencies": { "jsbn": "1.1.0", "sprintf-js": "^1.1.3" } }, "sha512-zHtQzGojZXTwZTHQqra+ETKd4Sn3vgi7uBmlPoXVWZqYvuKmtI0l/VZTjqGmJY9x88GGOaZ9+G9ES8hC4T4X8g=="],

    "is-arguments": ["is-arguments@1.2.0", "", { "dependencies": { "call-bound": "^1.0.2", "has-tostringtag": "^1.0.2" } }, "sha512-7bVbi0huj/wrIAOzb8U1aszg9kdi3KN/CyU19CTI7tAoZYEZoL9yCDXpbXN+uPsuWnP02cyug1gleqq+TU+YCA=="],

    "is-callable": ["is-callable@1.2.7", "", {}, "sha512-1BC0BVFhS/p0qtw6enp8e+8OD0UrK0oFLztSjNzhcKA3WDuJxxAPXzPuPtKkjEY9UUoEWlX/8fgKeu2S8i9JTA=="],

    "is-generator-function": ["is-generator-function@1.1.0", "", { "dependencies": { "call-bound": "^1.0.3", "get-proto": "^1.0.0", "has-tostringtag": "^1.0.2", "safe-regex-test": "^1.1.0" } }, "sha512-nPUB5km40q9e8UfN/Zc24eLlzdSf9OfKByBw9CIdw4H1giPMeA0OIJvbchsCu4npfI2QcMVBsGEBHKZ7wLTWmQ=="],

    "is-regex": ["is-regex@1.2.1", "", { "dependencies": { "call-bound": "^1.0.2", "gopd": "^1.2.0", "has-tostringtag": "^1.0.2", "hasown": "^2.0.2" } }, "sha512-MjYsKHO5O7mCsmRGxWcLWheFqN9DJ/2TmngvjKXihe6efViPqc274+Fx/4fYj/r03+ESvBdTXK0V6tA3rgez1g=="],

    "is-typed-array": ["is-typed-array@1.1.15", "", { "dependencies": { "which-typed-array": "^1.1.16" } }, "sha512-p3EcsicXjit7SaskXHs1hA91QxgTw46Fv6EFKKGS5DRFLD8yKnohjF3hxoju94b/OcMZoQukzpPpBE9uLVKzgQ=="],

    "isarray": ["isarray@2.0.5", "", {}, "sha512-xHjhDr3cNBK0BzdUJSPXZntQUx/mwMS5Rw4A7lPJ90XGAO6ISP/ePDNuo0vhqOZU+UD5JoodwCAAoZQd3FeAKw=="],

    "iso-url": ["iso-url@1.2.1", "", {}, "sha512-9JPDgCN4B7QPkLtYAAOrEuAWvP9rWvR5offAr0/SeF046wIkglqH3VXgYYP6NcsKslH80UIVgmPqNe3j7tG2ng=="],

    "isomorphic-ws": ["isomorphic-ws@4.0.1", "", { "peerDependencies": { "ws": "*" } }, "sha512-BhBvN2MBpWTaSHdWRb/bwdZJ1WaehQ2L1KngkCkfLUGF0mAWAT1sQUQacEmQ0jXkFw/czDXPNQSL5u2/Krsz1w=="],

    "jsbn": ["jsbn@1.1.0", "", {}, "sha512-4bYVV3aAMtDTTu4+xsDYa6sy9GyJ69/amsu9sYF2zqjiEoZA5xJi3BrfX3uY+/IekIu7MwdObdbDWpoZdBv3/A=="],

    "json-bigint": ["json-bigint@1.0.0", "", { "dependencies": { "bignumber.js": "^9.0.0" } }, "sha512-SiPv/8VpZuWbvLSMtTDU8hEfrZWg/mH/nV/b4o0CYbSxu1UIQPLdwKOCIyLQX+VIPO5vrLX3i8qtqFyhdPSUSQ=="],

    "libsodium-sumo": ["libsodium-sumo@0.7.15", "", {}, "sha512-5tPmqPmq8T8Nikpm1Nqj0hBHvsLFCXvdhBFV7SGOitQPZAA6jso8XoL0r4L7vmfKXr486fiQInvErHtEvizFMw=="],

    "libsodium-wrappers-sumo": ["libsodium-wrappers-sumo@0.7.10", "", { "dependencies": { "libsodium-sumo": "^0.7.0" } }, "sha512-1noz8Mcl/LUzO/iSO/FJzoJyIaPwxl+/+E4CoTIXtsPiEEXQx2sxalmrVWxteLpynqgX0ASo28ChB9NEVRh0Pg=="],

    "lodash": ["lodash@4.17.21", "", {}, "sha512-v2kDEe57lecTulaDIuNTPy3Ry4gLGJ6Z1O3vE1krgXZNrsQ+LFTGHVxVjcXPs17LhbZVGedAJv8XZ1tvj5FvSg=="],

    "math-intrinsics": ["math-intrinsics@1.1.0", "", {}, "sha512-/IXtbwEk5HTPyEwyKX6hGkYXxM9nbj64B+ilVJnC/R6B0pH5G4V3b0pVbL7DBj4tkhBAppbQUlf6F6Xl9LHu1g=="],

    "md5.js": ["md5.js@1.3.5", "", { "dependencies": { "hash-base": "^3.0.0", "inherits": "^2.0.1", "safe-buffer": "^5.1.2" } }, "sha512-xitP+WxNPcTTOgnTJcrhM0xvdPepipPSf3I8EIpGKeFLjt3PlJLIDG3u8EX53ZIubkb+5U2+3rELYpEhHhzdkg=="],

    "mime-db": ["mime-db@1.52.0", "", {}, "sha512-sPU4uV7dYlvtWJxwwxHD0PuihVNiE7TyAbQ5SWxDCB9mUYvOgroQOwYQQOKPJ8CIbE+1ETVlOoK1UC2nU3gYvg=="],

    "mime-types": ["mime-types@2.1.35", "", { "dependencies": { "mime-db": "1.52.0" } }, "sha512-ZDY+bPm5zTTF+YpCrAU9nK0UgICYPT0QtT1NZWFv4s++TNkcgVaT0g6+4R2uI4MjQjzysHB1zxuWL50hzaeXiw=="],

    "min-document": ["min-document@2.19.0", "", { "dependencies": { "dom-walk": "^0.1.0" } }, "sha512-9Wy1B3m3f66bPPmU5hdA4DR4PB2OfDU/+GS3yAB7IQozE3tqXaVv2zOjgla7MEGSRv95+ILmOuvhLkOK6wJtCQ=="],

    "minimalistic-assert": ["minimalistic-assert@1.0.1", "", {}, "sha512-UtJcAD4yEaGtjPezWuO9wC4nwUnVH/8/Im3yEHQP4b67cXlD/Qr9hdITCU1xDbSEXg2XKNaP8jsReV7vQd00/A=="],

    "multiformats": ["multiformats@13.3.2", "", {}, "sha512-qbB0CQDt3QKfiAzZ5ZYjLFOs+zW43vA4uyM8g27PeEuXZybUOFyjrVdP93HPBHMoglibwfkdVwbzfUq8qGcH6g=="],

    "nan": ["nan@2.22.2", "", {}, "sha512-DANghxFkS1plDdRsX0X9pm0Z6SJNN6gBdtXfanwoZ8hooC5gosGFSBGRYHUVPz1asKA/kMRqDRdHrluZ61SpBQ=="],

    "nanoassert": ["nanoassert@2.0.0", "", {}, "sha512-7vO7n28+aYO4J+8w96AzhmU8G+Y/xpPDJz/se19ICsqj/momRbb9mh9ZUtkoJ5X3nTnPdhEJyc0qnM6yAsHBaA=="],

    "nanoid": ["nanoid@3.3.11", "", { "bin": { "nanoid": "bin/nanoid.cjs" } }, "sha512-N8SpfPUnUp1bK+PMYW8qSWdl9U+wwNWI4QKxOYDy9JAro3WMX7p2OeVRF9v+347pnakNevPmiHhNmZ2HbFA76w=="],

    "node-fetch": ["node-fetch@2.7.0", "", { "dependencies": { "whatwg-url": "^5.0.0" }, "peerDependencies": { "encoding": "^0.1.0" }, "optionalPeers": ["encoding"] }, "sha512-c4FRfUm/dbcWZ7U+1Wq0AwCyFL+3nt2bEw05wfxSz+DWpWsitgmSgYmy2dQdWyKC1694ELPqMs/YzUSNozLt8A=="],

    "node-gyp-build": ["node-gyp-build@4.8.4", "", { "bin": { "node-gyp-build": "bin.js", "node-gyp-build-optional": "optional.js", "node-gyp-build-test": "build-test.js" } }, "sha512-LA4ZjwlnUblHVgq0oBF3Jl/6h/Nvs5fzBLwdEF4nuxnFdsfajde4WfxtJr3CaiH+F6ewcIB/q4jQ4UzPyid+CQ=="],

    "nofilter": ["nofilter@3.1.0", "", {}, "sha512-l2NNj07e9afPnhAhvgVrCD/oy2Ai1yfLpuo3EpiO1jFTsB4sFz6oIfAfSZyQzVpkZQ9xS8ZS5g1jCBgq4Hwo0g=="],

    "p-queue": ["p-queue@8.1.0", "", { "dependencies": { "eventemitter3": "^5.0.1", "p-timeout": "^6.1.2" } }, "sha512-mxLDbbGIBEXTJL0zEx8JIylaj3xQ7Z/7eEVjcF9fJX4DBiH9oqe+oahYnlKKxm0Ci9TlWTyhSHgygxMxjIB2jw=="],

    "p-timeout": ["p-timeout@6.1.4", "", {}, "sha512-MyIV3ZA/PmyBN/ud8vV9XzwTrNtR4jFrObymZYnZqMmW0zA8Z17vnT0rBgFE/TlohB+YCHqXMgZzb3Csp49vqg=="],

    "pbkdf2": ["pbkdf2@3.1.6", "", { "dependencies": { "create-hash": "^1.2.0", "create-hmac": "^1.1.7", "ripemd160": "^2.0.3", "safe-buffer": "^5.2.1", "sha.js": "^2.4.12", "to-buffer": "^1.2.2" } }, "sha512-BT6eelPB1EyGHo8pC0o9Bl6k6SYVhKO1jEbd3lcTrtr7XHdjP8BW1YpfCV3G9Kwkxgattk+S5q2/RvuttCsS1g=="],

    "possible-typed-array-names": ["possible-typed-array-names@1.1.0", "", {}, "sha512-/+5VFTchJDoVj3bhoqi6UeymcD00DAwb1nJwamzPvHEszJ4FpF6SNNbUbOS8yI56qHzdV8eK0qEfOSiodkTdxg=="],

    "process": ["process@0.11.10", "", {}, "sha512-cdGef/drWFoydD1JsMzuFf8100nZl+GT+yacc2bEced5f9Rjk4z+WtFUTBu9PhOi9j/jfmBPu0mMEY4wIdAF8A=="],

    "process-nextick-args": ["process-nextick-args@2.0.1", "", {}, "sha512-3ouUOpQhtgrbOa17J7+uxOTpITYWaGP7/AhoR3+A+/1e9skrzelGi/dXzEYyvbxubEF6Wn2ypscTKiKJFFn1ag=="],

    "progress-events": ["progress-events@1.0.1", "", {}, "sha512-MOzLIwhpt64KIVN64h1MwdKWiyKFNc/S6BoYKPIVUHFg0/eIEyBulhWCgn678v/4c0ri3FdGuzXymNCv02MUIw=="],

    "proxy-from-env": ["proxy-from-env@1.1.0", "", {}, "sha512-D+zkORCbA9f1tdWRK0RaCR3GPv50cMxcrz4X8k5LTSUD1Dkw47mKJEZQNunItRTkWwgtaUSo1RVFRIG9ZXiFYg=="],

    "readable-stream": ["readable-stream@1.1.14", "", { "dependencies": { "core-util-is": "~1.0.0", "inherits": "~2.0.1", "isarray": "0.0.1", "string_decoder": "~0.10.x" } }, "sha512-+MeVjFf4L44XUkhM1eYbD8fyEsxcV81pqMSR5gblfcLCHfZvbrqy4/qYHE+/R5HoBUT11WV5O08Cr1n3YXkWVQ=="],

    "reusify": ["reusify@1.1.0", "", {}, "sha512-g6QUff04oZpHs0eG5p83rFLhHeV00ug/Yf9nZM6fLeUrPguBTkTQOdpAWWspMh55TZfVQDPaN3NQJfbVRAxdIw=="],

    "ripemd160": ["ripemd160@2.0.3", "", { "dependencies": { "hash-base": "^3.1.2", "inherits": "^2.0.4" } }, "sha512-5Di9UC0+8h1L6ZD2d7awM7E/T4uA1fJRlx6zk/NvdCCVEoAnFqvHmCuNeIKoCeIixBX/q8uM+6ycDvF8woqosA=="],

    "rxjs": ["rxjs@7.8.2", "", { "dependencies": { "tslib": "^2.1.0" } }, "sha512-dhKf903U/PQZY6boNNtAGdWbG85WAbjT/1xYoZIC7FAY0yWapOBQVsVrDl58W86//e1VpMNBtRV4MaXfdMySFA=="],

    "safe-buffer": ["safe-buffer@5.2.1", "", {}, "sha512-rp3So07KcdmmKbGvgaNxQSJr7bGVSVk5S9Eq1F+ppbRo70+YeaDxkw5Dd8NPN+GD6bjnYm2VuPuCXmpuYvmCXQ=="],

    "safe-regex-test": ["safe-regex-test@1.1.0", "", { "dependencies": { "call-bound": "^1.0.2", "es-errors": "^1.3.0", "is-regex": "^1.2.1" } }, "sha512-x/+Cz4YrimQxQccJf5mKEbIa1NzeCRNI5Ecl/ekmlYaampdNLPalVyIcCZNNH3MvmqBugV5TMYZXv0ljslUlaw=="],

    "scalus": ["scalus@0.17.0", "", {}, "sha512-74mD4wL1vw4GVh2ECemQhoB3q5Smwj5S8W7OG1j7OWuLkwJ0Mvz4LFhZPA9rZjpNvanZoKiDqc3S/qGD65uRYg=="],

    "serialize-error": ["serialize-error@8.1.0", "", { "dependencies": { "type-fest": "^0.20.2" } }, "sha512-3NnuWfM6vBYoy5gZFvHiYsVbafvI9vZv/+jlIigFn4oP4zjNPK3LhcY0xSCgeb1a5L8jO71Mit9LlNoi2UfDDQ=="],

    "set-function-length": ["set-function-length@1.2.2", "", { "dependencies": { "define-data-property": "^1.1.4", "es-errors": "^1.3.0", "function-bind": "^1.1.2", "get-intrinsic": "^1.2.4", "gopd": "^1.0.1", "has-property-descriptors": "^1.0.2" } }, "sha512-pgRc4hJ4/sNjWCSS9AmnS40x3bNMDTknHgL5UaMBTMyJnU90EgWh1Rz+MC9eFu4BuN/UwZjKQuY/1v3rM7HMfg=="],

    "sha.js": ["sha.js@2.4.12", "", { "dependencies": { "inherits": "^2.0.4", "safe-buffer": "^5.2.1", "to-buffer": "^1.2.0" }, "bin": { "sha.js": "bin.js" } }, "sha512-8LzC5+bvI45BjpfXU8V5fdU2mfeKiQe1D1gIMn7XUlF3OTUrpdJpPPH4EMAnF0DsHHdSZqCdSss5qCmJKuiO3w=="],

    "sprintf-js": ["sprintf-js@1.1.3", "", {}, "sha512-Oo+0REFV59/rz3gfJNKQiBlwfHaSESl1pcGyABQsnnIfWOFt6JNj5gCog2U6MLZ//IGYD+nA8nI+mTShREReaA=="],

    "string_decoder": ["string_decoder@0.10.31", "", {}, "sha512-ev2QzSzWPYmy9GuqfIVildA4OdcGLeFZQrq5ys6RtiuF+RQQiZWr8TZNyAcuVXyQRYfEO+MsoB/1BuQVhOJuoQ=="],

    "to-buffer": ["to-buffer@1.2.2", "", { "dependencies": { "isarray": "^2.0.5", "safe-buffer": "^5.2.1", "typed-array-buffer": "^1.0.3" } }, "sha512-db0E3UJjcFhpDhAF4tLo03oli3pwl3dbnzXOUIlRKrp+ldk/VUxzpWYZENsw2SZiuBjHAk7DfB0VU7NKdpb6sw=="],

    "tr46": ["tr46@0.0.3", "", {}, "sha512-N3WMsuqV66lT30CrXNbEjx4GEwlow3v6rr4mCcv6prnfwhS01rkgyFdjPNBYd9br7LpXV1+Emh01fHnq2Gdgrw=="],

    "ts-custom-error": ["ts-custom-error@3.3.1", "", {}, "sha512-5OX1tzOjxWEgsr/YEUWSuPrQ00deKLh6D7OTWcvNHm12/7QPyRh8SYpyWvA4IZv8H/+GQWQEh/kwo95Q9OVW1A=="],

    "ts-log": ["ts-log@2.2.7", "", {}, "sha512-320x5Ggei84AxzlXp91QkIGSw5wgaLT6GeAH0KsqDmRZdVWW2OiSeVvElVoatk3f7nicwXlElXsoFkARiGE2yg=="],

    "tslib": ["tslib@2.8.1", "", {}, "sha512-oJFu94HQb+KVduSUQL7wnpmqnfmLsOA/nAh6b6EH0wCEoK0/mPeXU6c3wKDV83MkOuHPRHtSXKKU99IBazS/2w=="],

    "type-fest": ["type-fest@0.20.2", "", {}, "sha512-Ne+eE4r0/iWnpAxD852z3A+N0Bt5RN//NjJwRd2VFHEmrywxf5vsZlh4R6lixl6B+wz/8d+maTSAkN1FIkI3LQ=="],

    "typed-array-buffer": ["typed-array-buffer@1.0.3", "", { "dependencies": { "call-bound": "^1.0.3", "es-errors": "^1.3.0", "is-typed-array": "^1.1.14" } }, "sha512-nAYYwfY3qnzX30IkA6AQZjVbtK6duGontcQm1WSG1MD94YLqK0515GNApXkoxKOWMusVssAHWLh9SeaoefYFGw=="],

    "uint8-varint": ["uint8-varint@2.0.4", "", { "dependencies": { "uint8arraylist": "^2.0.0", "uint8arrays": "^5.0.0" } }, "sha512-FwpTa7ZGA/f/EssWAb5/YV6pHgVF1fViKdW8cWaEarjB8t7NyofSWBdOTyFPaGuUG4gx3v1O3PQ8etsiOs3lcw=="],

    "uint8arraylist": ["uint8arraylist@2.4.8", "", { "dependencies": { "uint8arrays": "^5.0.1" } }, "sha512-vc1PlGOzglLF0eae1M8mLRTBivsvrGsdmJ5RbK3e+QRvRLOZfZhQROTwH/OfyF3+ZVUg9/8hE8bmKP2CvP9quQ=="],

    "uint8arrays": ["uint8arrays@5.1.0", "", { "dependencies": { "multiformats": "^13.0.0" } }, "sha512-vA6nFepEmlSKkMBnLBaUMVvAC4G3CTmO58C12y4sq6WPDOR7mOFYOi7GlrQ4djeSbP6JG9Pv9tJDM97PedRSww=="],

    "undici": ["undici@5.29.0", "", { "dependencies": { "@fastify/busboy": "^2.0.0" } }, "sha512-raqeBD6NQK4SkWhQzeYKd1KmIG6dllBOTt55Rmkt4HtI9mwdWtJljnrXjAFUBLTSN67HWrOIZ3EPF4kjUw80Bg=="],

    "undici-types": ["undici-types@6.21.0", "", {}, "sha512-iwDZqg0QAGrg9Rav5H4n0M64c3mkR59cJ6wQp+7C4nI0gsmExaedaYLNO44eT4AtBBwjbTiGPMlt2Md0T9H9JQ=="],

    "utf-8-validate": ["utf-8-validate@6.0.5", "", { "dependencies": { "node-gyp-build": "^4.3.0" } }, "sha512-EYZR+OpIXp9Y1eG1iueg8KRsY8TuT8VNgnanZ0uA3STqhHQTLwbl+WX76/9X5OY12yQubymBpaBSmMPkSTQcKA=="],

    "util": ["util@0.12.5", "", { "dependencies": { "inherits": "^2.0.3", "is-arguments": "^1.0.4", "is-generator-function": "^1.0.7", "is-typed-array": "^1.1.3", "which-typed-array": "^1.1.2" } }, "sha512-kZf/K6hEIrWHI6XqOFUiiMa+79wE/D8Q+NCNAWclkyg3b4d2k7s0QGepNjiABc+aR3N1PAyHL7p6UcLY6LmrnA=="],

    "util-deprecate": ["util-deprecate@1.0.2", "", {}, "sha512-EPD5q1uXyFxJpCrLnCc1nHnq3gOa6DZBocAIiI2TaSCA7VCJ1UJDMagCzIkXNsUYfD1daK//LTEQ8xiIbrHtcw=="],

    "web-encoding": ["web-encoding@1.1.5", "", { "dependencies": { "util": "^0.12.3" }, "optionalDependencies": { "@zxing/text-encoding": "0.9.0" } }, "sha512-HYLeVCdJ0+lBYV2FvNZmv3HJ2Nt0QYXqZojk3d9FJOLkwnuhzM9tmamh8d7HPM8QqjKH8DeHkFTx+CFlWpZZDA=="],

    "webextension-polyfill": ["webextension-polyfill@0.8.0", "", {}, "sha512-a19+DzlT6Kp9/UI+mF9XQopeZ+n2ussjhxHJ4/pmIGge9ijCDz7Gn93mNnjpZAk95T4Tae8iHZ6sSf869txqiQ=="],

    "webidl-conversions": ["webidl-conversions@3.0.1", "", {}, "sha512-2JAn3z8AR6rjK8Sm8orRC0h/bcl/DqL7tRPdGZ4I1CjdF+EaMLmYxBHyXuKL849eucPFhvBoxMsflfOb8kxaeQ=="],

    "whatwg-url": ["whatwg-url@5.0.0", "", { "dependencies": { "tr46": "~0.0.3", "webidl-conversions": "^3.0.0" } }, "sha512-saE57nupxk6v3HY35+jzBwYa0rKSy0XR8JSxZPwgLr7ys0IBzhGviA1/TUGJLmSVqs8pb9AnvICXEuOHLprYTw=="],

    "which-typed-array": ["which-typed-array@1.1.19", "", { "dependencies": { "available-typed-arrays": "^1.0.7", "call-bind": "^1.0.8", "call-bound": "^1.0.4", "for-each": "^0.3.5", "get-proto": "^1.0.1", "gopd": "^1.2.0", "has-tostringtag": "^1.0.2" } }, "sha512-rEvr90Bck4WZt9HHFC4DJMsjvu7x+r6bImz0/BrbWb7A2djJ8hnZMrWnHo9F8ssv0OMErasDhftrfROTyqSDrw=="],

    "ws": ["ws@7.5.10", "", { "peerDependencies": { "bufferutil": "^4.0.1", "utf-8-validate": "^5.0.2" }, "optionalPeers": ["bufferutil", "utf-8-validate"] }, "sha512-+dbF1tHwZpXcbOJdVOkzLDxZP1ailvSxM6ZweXTegylPny803bFhA+vqBYw4s31NSAk4S2Qz+AKXK9a4wkdjcQ=="],

    "@cardano-sdk/dapp-connector/@cardano-sdk/core": ["@cardano-sdk/core@0.47.1", "", { "dependencies": { "@biglup/is-cid": "^1.0.3", "@cardano-sdk/crypto": "~0.4.7", "@cardano-sdk/util": "~0.17.2", "@foxglove/crc": "^0.0.3", "@scure/base": "^1.1.1", "fraction.js": "4.0.1", "ip-address": "^10.2.0", "lodash": "^4.17.21", "ts-custom-error": "^3.2.0", "ts-log": "^2.2.4", "web-encoding": "^1.1.5" } }, "sha512-72G11AWm7dKOY1h+WR/nEbvmZXHjaBq79NSO/mDktDnxhVCIMviKSsw3cC9LoddfIpAg8KRE7obtYRMq0e8WmQ=="],

    "@cardano-sdk/dapp-connector/@cardano-sdk/crypto": ["@cardano-sdk/crypto@0.4.7", "", { "dependencies": { "@cardano-sdk/util": "~0.17.2", "blake2b": "^2.1.4", "i": "^0.3.7", "libsodium-wrappers-sumo": "0.8.4", "lodash": "^4.17.21", "pbkdf2": "^3.1.3", "ts-custom-error": "^3.2.0", "ts-log": "^2.2.4" }, "peerDependencies": { "@dcspark/cardano-multiplatform-lib-asmjs": "^3.1.1", "@dcspark/cardano-multiplatform-lib-browser": "^3.1.1", "@dcspark/cardano-multiplatform-lib-nodejs": "^3.1.1" }, "optionalPeers": ["@dcspark/cardano-multiplatform-lib-asmjs", "@dcspark/cardano-multiplatform-lib-browser", "@dcspark/cardano-multiplatform-lib-nodejs"] }, "sha512-4aCsLOkqaIS/gSGw4SBqNGcCIp6hZ8alQWJx58U/OiOxC43t7i2JpKagdyWfCNekPM14hO7BWER7y31wf4BFxw=="],

    "@cardano-sdk/dapp-connector/@cardano-sdk/util": ["@cardano-sdk/util@0.17.2", "", { "dependencies": { "bech32": "^2.0.0", "lodash": "^4.17.21", "serialize-error": "^8", "ts-custom-error": "^3.2.0", "ts-log": "^2.2.4" } }, "sha512-LdY33OQG5H4p0rppHtjnM+akc1poKhz+02T9zsXsbShfTbeU9HXlA0nJ8xj9FNZMs+ozDR0HWrUjDc7fkNZI7w=="],

    "@cardano-sdk/key-management/@cardano-sdk/core": ["@cardano-sdk/core@0.47.1", "", { "dependencies": { "@biglup/is-cid": "^1.0.3", "@cardano-sdk/crypto": "~0.4.7", "@cardano-sdk/util": "~0.17.2", "@foxglove/crc": "^0.0.3", "@scure/base": "^1.1.1", "fraction.js": "4.0.1", "ip-address": "^10.2.0", "lodash": "^4.17.21", "ts-custom-error": "^3.2.0", "ts-log": "^2.2.4", "web-encoding": "^1.1.5" } }, "sha512-72G11AWm7dKOY1h+WR/nEbvmZXHjaBq79NSO/mDktDnxhVCIMviKSsw3cC9LoddfIpAg8KRE7obtYRMq0e8WmQ=="],

    "@cardano-sdk/key-management/@cardano-sdk/crypto": ["@cardano-sdk/crypto@0.4.7", "", { "dependencies": { "@cardano-sdk/util": "~0.17.2", "blake2b": "^2.1.4", "i": "^0.3.7", "libsodium-wrappers-sumo": "0.8.4", "lodash": "^4.17.21", "pbkdf2": "^3.1.3", "ts-custom-error": "^3.2.0", "ts-log": "^2.2.4" }, "peerDependencies": { "@dcspark/cardano-multiplatform-lib-asmjs": "^3.1.1", "@dcspark/cardano-multiplatform-lib-browser": "^3.1.1", "@dcspark/cardano-multiplatform-lib-nodejs": "^3.1.1" }, "optionalPeers": ["@dcspark/cardano-multiplatform-lib-asmjs", "@dcspark/cardano-multiplatform-lib-browser", "@dcspark/cardano-multiplatform-lib-nodejs"] }, "sha512-4aCsLOkqaIS/gSGw4SBqNGcCIp6hZ8alQWJx58U/OiOxC43t7i2JpKagdyWfCNekPM14hO7BWER7y31wf4BFxw=="],

    "@cardano-sdk/key-management/@cardano-sdk/util": ["@cardano-sdk/util@0.17.2", "", { "dependencies": { "bech32": "^2.0.0", "lodash": "^4.17.21", "serialize-error": "^8", "ts-custom-error": "^3.2.0", "ts-log": "^2.2.4" } }, "sha512-LdY33OQG5H4p0rppHtjnM+akc1poKhz+02T9zsXsbShfTbeU9HXlA0nJ8xj9FNZMs+ozDR0HWrUjDc7fkNZI7w=="],

    "@meshsdk/provider/@meshsdk/common": ["@meshsdk/common@1.9.0-beta.100", "", { "dependencies": { "bech32": "^2.0.0", "bip39": "3.1.0", "blake2b": "^2.1.4", "blakejs": "^1.2.1" } }, "sha512-H3ktKR9eheRKZupg7DLdUr8A9dsefJbu7Wc+I1suwrv+oAZWiJ2wCuF3bX2QQo3LyWrSkVCE7WEiKFfQmukIww=="],

    "@meshsdk/provider/@meshsdk/core-cst": ["@meshsdk/core-cst@1.9.0-beta.100", "", { "dependencies": { "@cardano-sdk/core": "0.46.12", "@cardano-sdk/crypto": "0.4.5", "@cardano-sdk/input-selection": "0.14.28", "@cardano-sdk/util": "0.17.1", "@harmoniclabs/cbor": "1.6.0", "@harmoniclabs/pair": "^1.0.0", "@harmoniclabs/plutus-data": "1.2.6", "@harmoniclabs/uplc": "1.4.1", "@meshsdk/common": "1.9.0-beta.100", "@types/base32-encoding": "^1.0.2", "base32-encoding": "^1.0.0", "bech32": "^2.0.0", "blakejs": "^1.2.1", "bn.js": "^5.2.0", "hash.js": "^1.1.7", "scalus": "^0.14.2" } }, "sha512-gXC7c81puzv12C3xJ6vhH/KIEc/P6ScuXsgmLlqFMpDv0SuoMg+42HgdyWi0WrccVwi8cdepsn5YhtCaYVn0nw=="],

    "create-hash/ripemd160": ["ripemd160@2.0.2", "", { "dependencies": { "hash-base": "^3.0.0", "inherits": "^2.0.1" } }, "sha512-ii4iagi25WusVoiC4B4lq7pbXfAp3D9v5CwfkY33vffw2+pkDjY1D8GaN7spsxvCSx8dkPqOZCEZyfxcmJG2IA=="],

    "create-hash/sha.js": ["sha.js@2.4.11", "", { "dependencies": { "inherits": "^2.0.1", "safe-buffer": "^5.0.1" }, "bin": { "sha.js": "./bin.js" } }, "sha512-QMEp5B7cftE7APOjk5Y6xgrbWu+WkLVQwk8JNjZ8nKRciZaByEW6MubieAiToS7+dwvrjGhH8jRXz3MVd0AYqQ=="],

    "create-hmac/ripemd160": ["ripemd160@2.0.2", "", { "dependencies": { "hash-base": "^3.0.0", "inherits": "^2.0.1" } }, "sha512-ii4iagi25WusVoiC4B4lq7pbXfAp3D9v5CwfkY33vffw2+pkDjY1D8GaN7spsxvCSx8dkPqOZCEZyfxcmJG2IA=="],

    "create-hmac/sha.js": ["sha.js@2.4.11", "", { "dependencies": { "inherits": "^2.0.1", "safe-buffer": "^5.0.1" }, "bin": { "sha.js": "./bin.js" } }, "sha512-QMEp5B7cftE7APOjk5Y6xgrbWu+WkLVQwk8JNjZ8nKRciZaByEW6MubieAiToS7+dwvrjGhH8jRXz3MVd0AYqQ=="],

    "hash-base/readable-stream": ["readable-stream@2.3.8", "", { "dependencies": { "core-util-is": "~1.0.0", "inherits": "~2.0.3", "isarray": "~1.0.0", "process-nextick-args": "~2.0.0", "safe-buffer": "~5.1.1", "string_decoder": "~1.1.1", "util-deprecate": "~1.0.1" } }, "sha512-8p0AUk4XODgIewSi0l8Epjs+EVnWiK7NoDIEGU0HhE7+ZyY8D1IMY7odu5lRrFXGg71L15KG8QrPmum45RTtdA=="],

    "md5.js/hash-base": ["hash-base@3.1.0", "", { "dependencies": { "inherits": "^2.0.4", "readable-stream": "^3.6.0", "safe-buffer": "^5.2.0" } }, "sha512-1nmYp/rhMDiE7AYkDw+lLwlAzz0AntGIe51F3RfFfEqyQ3feY2eI/NcwC6umIQVOASPMsWJLJScWKSSvzL9IVA=="],

    "readable-stream/isarray": ["isarray@0.0.1", "", {}, "sha512-D2S+3GLxWH+uhrNEcoh/fnmYeP8E8/zHl644d/jdA0g2uyXvy3sb0qxotE+ne0LtccHknQzWwZEzhak7oJ0COQ=="],

    "@cardano-sdk/dapp-connector/@cardano-sdk/core/ip-address": ["ip-address@10.7.2", "", {}, "sha512-7H/2gFSIitxc0hG3nOI1glS8QLo/EHBFFLk8vEUjXY/xu0AdL8jZ9U1IzO2PUm0d2D/ofQcAifb0g6OBkt8U7w=="],

    "@cardano-sdk/dapp-connector/@cardano-sdk/crypto/libsodium-wrappers-sumo": ["libsodium-wrappers-sumo@0.8.4", "", { "dependencies": { "libsodium-sumo": "^0.8.0" } }, "sha512-ql7hcgulKZ3ekfa2DGAogcCKsWU0diA/0nArz1CFzh93WQdb46/Kj18ka/Hifq6uA3Ush34Pc6vU/6HXeRwUkg=="],

    "@cardano-sdk/key-management/@cardano-sdk/core/ip-address": ["ip-address@10.7.2", "", {}, "sha512-7H/2gFSIitxc0hG3nOI1glS8QLo/EHBFFLk8vEUjXY/xu0AdL8jZ9U1IzO2PUm0d2D/ofQcAifb0g6OBkt8U7w=="],

    "@cardano-sdk/key-management/@cardano-sdk/crypto/libsodium-wrappers-sumo": ["libsodium-wrappers-sumo@0.8.4", "", { "dependencies": { "libsodium-sumo": "^0.8.0" } }, "sha512-ql7hcgulKZ3ekfa2DGAogcCKsWU0diA/0nArz1CFzh93WQdb46/Kj18ka/Hifq6uA3Ush34Pc6vU/6HXeRwUkg=="],

    "@meshsdk/provider/@meshsdk/core-cst/scalus": ["scalus@0.14.2", "", {}, "sha512-dobDMIUDUVhtxoX3ceGlaykKQGkph4HOE9hjkLsmwVgYf24fIik6YrZzVFrZSNCTvI2WN7hjEknehIrEJo1CMQ=="],

    "create-hash/ripemd160/hash-base": ["hash-base@3.1.0", "", { "dependencies": { "inherits": "^2.0.4", "readable-stream": "^3.6.0", "safe-buffer": "^5.2.0" } }, "sha512-1nmYp/rhMDiE7AYkDw+lLwlAzz0AntGIe51F3RfFfEqyQ3feY2eI/NcwC6umIQVOASPMsWJLJScWKSSvzL9IVA=="],

    "create-hmac/ripemd160/hash-base": ["hash-base@3.1.0", "", { "dependencies": { "inherits": "^2.0.4", "readable-stream": "^3.6.0", "safe-buffer": "^5.2.0" } }, "sha512-1nmYp/rhMDiE7AYkDw+lLwlAzz0AntGIe51F3RfFfEqyQ3feY2eI/NcwC6umIQVOASPMsWJLJScWKSSvzL9IVA=="],

    "hash-base/readable-stream/isarray": ["isarray@1.0.0", "", {}, "sha512-VLghIWNM6ELQzo7zwmcg0NmTVyWKYjvIeM83yjp0wRDTmUnrM678fQbcKBo6n2CJEF0szoG//ytg+TKla89ALQ=="],

    "hash-base/readable-stream/safe-buffer": ["safe-buffer@5.1.2", "", {}, "sha512-Gd2UZBJDkXlY7GbJxfsE8/nvKkUEU1G38c1siN6QP6a9PT9MmHB8GnpscSmMJSoF8LOIrt8ud/wPtojys4G6+g=="],

    "hash-base/readable-stream/string_decoder": ["string_decoder@1.1.1", "", { "dependencies": { "safe-buffer": "~5.1.0" } }, "sha512-n/ShnvDi6FHbbVfviro+WojiFzv+s8MPMHBczVePfUpDJLwoLT0ht1l4YwBCbi8pJAveEEdnkHyPyTP/mzRfwg=="],

    "md5.js/hash-base/readable-stream": ["readable-stream@3.6.2", "", { "dependencies": { "inherits": "^2.0.3", "string_decoder": "^1.1.1", "util-deprecate": "^1.0.1" } }, "sha512-9u/sniCrY3D5WdsERHzHE4G2YCXqoG5FTHUiCC4SIbr6XcLZBY05ya9EKjYek9O5xOAwjGq+1JdGBAS7Q9ScoA=="],

    "@cardano-sdk/dapp-connector/@cardano-sdk/crypto/libsodium-wrappers-sumo/libsodium-sumo": ["libsodium-sumo@0.8.4", "", {}, "sha512-TMtHShQfVVsaxDygyapvUC3o7YsPgXa/hRWeIgzyFz6w5k/1hirGptCxp1U7XwW3rCskaTTYKgV10v86UiGgNw=="],

    "@cardano-sdk/key-management/@cardano-sdk/crypto/libsodium-wrappers-sumo/libsodium-sumo": ["libsodium-sumo@0.8.4", "", {}, "sha512-TMtHShQfVVsaxDygyapvUC3o7YsPgXa/hRWeIgzyFz6w5k/1hirGptCxp1U7XwW3rCskaTTYKgV10v86UiGgNw=="],

    "create-hash/ripemd160/hash-base/readable-stream": ["readable-stream@3.6.2", "", { "dependencies": { "inherits": "^2.0.3", "string_decoder": "^1.1.1", "util-deprecate": "^1.0.1" } }, "sha512-9u/sniCrY3D5WdsERHzHE4G2YCXqoG5FTHUiCC4SIbr6XcLZBY05ya9EKjYek9O5xOAwjGq+1JdGBAS7Q9ScoA=="],

    "create-hmac/ripemd160/hash-base/readable-stream": ["readable-stream@3.6.2", "", { "dependencies": { "inherits": "^2.0.3", "string_decoder": "^1.1.1", "util-deprecate": "^1.0.1" } }, "sha512-9u/sniCrY3D5WdsERHzHE4G2YCXqoG5FTHUiCC4SIbr6XcLZBY05ya9EKjYek9O5xOAwjGq+1JdGBAS7Q9ScoA=="],

    "md5.js/hash-base/readable-stream/string_decoder": ["string_decoder@1.3.0", "", { "dependencies": { "safe-buffer": "~5.2.0" } }, "sha512-hkRX8U1WjJFd8LsDJ2yQ/wWWxaopEsABU1XfkM8A+j0+85JAGppt16cr1Whg6KIbb4okU6Mql6BOj+uup/wKeA=="],

    "create-hash/ripemd160/hash-base/readable-stream/string_decoder": ["string_decoder@1.3.0", "", { "dependencies": { "safe-buffer": "~5.2.0" } }, "sha512-hkRX8U1WjJFd8LsDJ2yQ/wWWxaopEsABU1XfkM8A+j0+85JAGppt16cr1Whg6KIbb4okU6Mql6BOj+uup/wKeA=="],

    "create-hmac/ripemd160/hash-base/readable-stream/string_decoder": ["string_decoder@1.3.0", "", { "dependencies": { "safe-buffer": "~5.2.0" } }, "sha512-hkRX8U1WjJFd8LsDJ2yQ/wWWxaopEsABU1XfkM8A+j0+85JAGppt16cr1Whg6KIbb4okU6Mql6BOj+uup/wKeA=="],
  }
}
