{
  "name": "@bloxbean/yaci-devkit",
  "version": "0.10.0",
  "lockfileVersion": 3,
  "requires": true,
  "packages": {
    "": {
      "name": "@bloxbean/yaci-devkit",
      "version": "0.10.0",
      "license": "MIT",
      "dependencies": {
        "@bloxbean/yaci-devkit-linux-x64": "file:../yaci-devkit-linux-x64",
        "@bloxbean/yaci-devkit-macos-arm64": "file:../yaci-devkit-macos-arm64"
      },
      "bin": {
        "yaci-devkit": "start.mjs"
      },
      "devDependencies": {
        "@types/node": "^22.10.2",
        "typescript": ">=5.0.0"
      },
      "engines": {
        "node": ">=20.8.0"
      }
    },
    "../yaci-devkit-linux-x64": {
      "name": "@bloxbean/yaci-devkit-linux-x64",
      "version": "0.10.0",
      "license": "MIT",
      "bin": {
        "yaci-devkit-linux-x64": "yaci-cli"
      },
      "engines": {
        "node": ">= 12"
      }
    },
    "../yaci-devkit-macos-arm64": {
      "name": "@bloxbean/yaci-devkit-macos-arm64",
      "version": "0.10.0",
      "license": "MIT",
      "bin": {
        "yaci-devkit-linux-x64": "yaci-cli"
      },
      "engines": {
        "node": ">= 12"
      }
    },
    "node_modules/@bloxbean/yaci-devkit-linux-x64": {
      "resolved": "../yaci-devkit-linux-x64",
      "link": true
    },
    "node_modules/@bloxbean/yaci-devkit-macos-arm64": {
      "resolved": "../yaci-devkit-macos-arm64",
      "link": true
    },
    "node_modules/@types/node": {
      "version": "22.10.2",
      "resolved": "https://registry.npmjs.org/@types/node/-/node-22.10.2.tgz",
      "integrity": "sha512-Xxr6BBRCAOQixvonOye19wnzyDiUtTeqldOOmj3CkeblonbccA12PFwlufvRdrpjXxqnmUaeiU5EOA+7s5diUQ==",
      "dev": true,
      "license": "MIT",
      "dependencies": {
        "undici-types": "~6.20.0"
      }
    },
    "node_modules/typescript": {
      "version": "5.7.2",
      "resolved": "https://registry.npmjs.org/typescript/-/typescript-5.7.2.tgz",
      "integrity": "sha512-i5t66RHxDvVN40HfDd1PsEThGNnlMCMT3jMUuoh9/0TaqWevNontacunWyN02LA9/fIbEWlcHZcgTKb9QoaLfg==",
      "dev": true,
      "license": "Apache-2.0",
      "bin": {
        "tsc": "bin/tsc",
        "tsserver": "bin/tsserver"
      },
      "engines": {
        "node": ">=14.17"
      }
    },
    "node_modules/undici-types": {
      "version": "6.20.0",
      "resolved": "https://registry.npmjs.org/undici-types/-/undici-types-6.20.0.tgz",
      "integrity": "sha512-Ny6QZ2Nju20vw1SRHe3d9jVu6gJ+4e3+MMpqu7pqE5HT6WsTSlce++GQmK5UXS8mzV8DSYHrQH+Xrf2jVcuKNg==",
      "dev": true,
      "license": "MIT"
    }
  }
}
